{
  "originHash" : "3c5d139d7ef1e10c1e15e92988a3c1bc21158888731cb88ec86ab031937c838f",
  "pins" : [
    {
      "identity" : "centrifuge-swift",
      "kind" : "remoteSourceControl",
      "location" : "https://github.com/centrifugal/centrifuge-swift.git",
      "state" : {
        "revision" : "a8f45e23d4f975aeb0b46a6cfcff369cf79404e0",
        "version" : "0.8.2"
      }
    },
    {
      "identity" : "swift-protobuf",
      "kind" : "remoteSourceControl",
      "location" : "https://github.com/apple/swift-protobuf",
      "state" : {
        "revision" : "f6506eaa86ed2e01cb0ae14a75035b7fdbf0918f",
        "version" : "1.38.0"
      }
    }
  ],
  "version" : 3
}
